
Microsoft Visual Studio Solution File, Format Version 12.00
# Visual Studio 15
VisualStudioVersion = 15.0.28307.902
MinimumVisualStudioVersion = 10.0.40219.1
Project("{159641D6-6404-4A2A-AE62-294DE0FE8301}") = "Workday_Stage_To_ServiceNow", "FirstProjectSSID\Workday_Stage_To_ServiceNow.dtproj", "{78547A52-262C-4055-8F62-B07ACA5C9E72}"
EndProject
Global
	GlobalSection(SolutionConfigurationPlatforms) = preSolution
		Development|Default = Development|Default
	EndGlobalSection
	GlobalSection(ProjectConfigurationPlatforms) = postSolution
		{78547A52-262C-4055-8F62-B07ACA5C9E72}.Development|Default.ActiveCfg = Development
		{78547A52-262C-4055-8F62-B07ACA5C9E72}.Development|Default.Build.0 = Development
	EndGlobalSection
	GlobalSection(SolutionProperties) = preSolution
		HideSolutionNode = FALSE
	EndGlobalSection
	GlobalSection(ExtensibilityGlobals) = postSolution
		SolutionGuid = {6B9DF7A2-4A8A-443A-8DE4-A1A2419B6246}
	EndGlobalSection
EndGlobal
